
Microsoft Visual Studio Solution File, Format Version 12.00
# Visual Studio Version 16
VisualStudioVersion = 16.0.31515.178
MinimumVisualStudioVersion = 10.0.40219.1
Project("{9A19103F-16F7-4668-BE54-9A1E7A4F7556}") = "NewShoreApi", "NewShoreApi\NewShoreApi.csproj", "{8443D45E-0229-463A-BE3D-D24D3D8459E1}"
EndProject
Project("{FAE04EC0-301F-11D3-BF4B-00C04F79EFBC}") = "NewShoreData", "NewShoreData\NewShoreData.csproj", "{15A810FD-2AA0-4A4B-B853-C6A839286E3C}"
EndProject
Global
	GlobalSection(SolutionConfigurationPlatforms) = preSolution
		Debug|Any CPU = Debug|Any CPU
		Release|Any CPU = Release|Any CPU
	EndGlobalSection
	GlobalSection(ProjectConfigurationPlatforms) = postSolution
		{8443D45E-0229-463A-BE3D-D24D3D8459E1}.Debug|Any CPU.ActiveCfg = Debug|Any CPU
		{8443D45E-0229-463A-BE3D-D24D3D8459E1}.Debug|Any CPU.Build.0 = Debug|Any CPU
		{8443D45E-0229-463A-BE3D-D24D3D8459E1}.Release|Any CPU.ActiveCfg = Release|Any CPU
		{8443D45E-0229-463A-BE3D-D24D3D8459E1}.Release|Any CPU.Build.0 = Release|Any CPU
		{15A810FD-2AA0-4A4B-B853-C6A839286E3C}.Debug|Any CPU.ActiveCfg = Debug|Any CPU
		{15A810FD-2AA0-4A4B-B853-C6A839286E3C}.Debug|Any CPU.Build.0 = Debug|Any CPU
		{15A810FD-2AA0-4A4B-B853-C6A839286E3C}.Release|Any CPU.ActiveCfg = Release|Any CPU
		{15A810FD-2AA0-4A4B-B853-C6A839286E3C}.Release|Any CPU.Build.0 = Release|Any CPU
	EndGlobalSection
	GlobalSection(SolutionProperties) = preSolution
		HideSolutionNode = FALSE
	EndGlobalSection
	GlobalSection(ExtensibilityGlobals) = postSolution
		SolutionGuid = {90C98364-EC50-4A81-A3C3-B51400BE2652}
	EndGlobalSection
EndGlobal
